// !$*UTF8*$!
{
	archiveVersion = 1;
	classes = {
	};
	objectVersion = 50;
	objects = {

/* Begin PBXBuildFile section */
		2977A8FD23D5965200E8D81E /* speakers-1521314_1280.png in Resources */ = {isa = PBXBuildFile; fileRef = 2977A8FB23D5965200E8D81E /* speakers-1521314_1280.png */; };
		2977A90023D5985C00E8D81E /* right-297788_1280.png in Resources */ = {isa = PBXBuildFile; fileRef = 2977A8FF23D5985C00E8D81E /* right-297788_1280.png */; };
		298EAF6123BDF1FD00D6D360 /* AppDelegate.swift in Sources */ = {isa = PBXBuildFile; fileRef = 298EAF6023BDF1FD00D6D360 /* AppDelegate.swift */; };
		298EAF6323BDF1FD00D6D360 /* SceneDelegate.swift in Sources */ = {isa = PBXBuildFile; fileRef = 298EAF6223BDF1FD00D6D360 /* SceneDelegate.swift */; };
		298EAF6523BDF1FD00D6D360 /* ViewController.swift in Sources */ = {isa = PBXBuildFile; fileRef = 298EAF6423BDF1FD00D6D360 /* ViewController.swift */; };
		298EAF6823BDF1FD00D6D360 /* Main.storyboard in Resources */ = {isa = PBXBuildFile; fileRef = 298EAF6623BDF1FD00D6D360 /* Main.storyboard */; };
		298EAF6A23BDF20200D6D360 /* Assets.xcassets in Resources */ = {isa = PBXBuildFile; fileRef = 298EAF6923BDF20200D6D360 /* Assets.xcassets */; };
		298EAF6D23BDF20200D6D360 /* LaunchScreen.storyboard in Resources */ = {isa = PBXBuildFile; fileRef = 298EAF6B23BDF20200D6D360 /* LaunchScreen.storyboard */; };
/* End PBXBuildFile section */

/* Begin PBXFileReference section */
		2977A8FB23D5965200E8D81E /* speakers-1521314_1280.png */ = {isa = PBXFileReference; lastKnownFileType = image.png; path = "speakers-1521314_1280.png"; sourceTree = "<group>"; };
		2977A8FF23D5985C00E8D81E /* right-297788_1280.png */ = {isa = PBXFileReference; lastKnownFileType = image.png; name = "right-297788_1280.png"; path = "../../../volume/volume/right-297788_1280.png"; sourceTree = "<group>"; };
		298EAF5D23BDF1FD00D6D360 /* volume.app */ = {isa = PBXFileReference; explicitFileType = wrapper.application; includeInIndex = 0; path = volume.app; sourceTree = BUILT_PRODUCTS_DIR; };
		298EAF6023BDF1FD00D6D360 /* AppDelegate.swift */ = {isa = PBXFileReference; lastKnownFileType = sourcecode.swift; path = AppDelegate.swift; sourceTree = "<group>"; };
		298EAF6223BDF1FD00D6D360 /* SceneDelegate.swift */ = {isa = PBXFileReference; lastKnownFileType = sourcecode.swift; path = SceneDelegate.swift; sourceTree = "<group>"; };
		298EAF6423BDF1FD00D6D360 /* ViewController.swift */ = {isa = PBXFileReference; lastKnownFileType = sourcecode.swift; path = ViewController.swift; sourceTree = "<group>"; };
		298EAF6723BDF1FD00D6D360 /* Base */ = {isa = PBXFileReference; lastKnownFileType = file.storyboard; name = Base; path = Base.lproj/Main.storyboard; sourceTree = "<group>"; };
		298EAF6923BDF20200D6D360 /* Assets.xcassets */ = {isa = PBXFileReference; lastKnownFileType = folder.assetcatalog; path = Assets.xcassets; sourceTree = "<group>"; };
		298EAF6C23BDF20200D6D360 /* Base */ = {isa = PBXFileReference; lastKnownFileType = file.storyboard; name = Base; path = Base.lproj/LaunchScreen.storyboard; sourceTree = "<group>"; };
		298EAF6E23BDF20200D6D360 /* Info.plist */ = {isa = PBXFileReference; lastKnownFileType = text.plist.xml; path = Info.plist; sourceTree = "<group>"; };
/* End PBXFileReference section */

/* Begin PBXFrameworksBuildPhase section */
		298EAF5A23BDF1FD00D6D360 /* Frameworks */ = {
			isa = PBXFrameworksBuildPhase;
			buildActionMask = 2147483647;
			files = (
			);
			runOnlyForDeploymentPostprocessing = 0;
		};
/* End PBXFrameworksBuildPhase section */

/* Begin PBXGroup section */
		298EAF5423BDF1FD00D6D360 = {
			isa = PBXGroup;
			children = (
				298EAF5F23BDF1FD00D6D360 /* volume */,
				298EAF5E23BDF1FD00D6D360 /* Products */,
			);
			sourceTree = "<group>";
		};
		298EAF5E23BDF1FD00D6D360 /* Products */ = {
			isa = PBXGroup;
			children = (
				298EAF5D23BDF1FD00D6D360 /* volume.app */,
			);
			name = Products;
			sourceTree = "<group>";
		};
		298EAF5F23BDF1FD00D6D360 /* volume */ = {
			isa = PBXGroup;
			children = (
				298EAF6023BDF1FD00D6D360 /* AppDelegate.swift */,
				298EAF6223BDF1FD00D6D360 /* SceneDelegate.swift */,
				298EAF6423BDF1FD00D6D360 /* ViewController.swift */,
				298EAF6623BDF1FD00D6D360 /* Main.storyboard */,
				298EAF6923BDF20200D6D360 /* Assets.xcassets */,
				298EAF6B23BDF20200D6D360 /* LaunchScreen.storyboard */,
				2977A8FF23D5985C00E8D81E /* right-297788_1280.png */,
				298EAF6E23BDF20200D6D360 /* Info.plist */,
				2977A8FB23D5965200E8D81E /* speakers-1521314_1280.png */,
			);
			path = volume;
			sourceTree = "<group>";
		};
/* End PBXGroup section */

/* Begin PBXNativeTarget section */
		298EAF5C23BDF1FD00D6D360 /* volume */ = {
			isa = PBXNativeTarget;
			buildConfigurationList = 298EAF7123BDF20200D6D360 /* Build configuration list for PBXNativeTarget "volume" */;
			buildPhases = (
				298EAF5923BDF1FD00D6D360 /* Sources */,
				298EAF5A23BDF1FD00D6D360 /* Frameworks */,
				298EAF5B23BDF1FD00D6D360 /* Resources */,
			);
			buildRules = (
			);
			dependencies = (
			);
			name = volume;
			productName = volume;
			productReference = 298EAF5D23BDF1FD00D6D360 /* volume.app */;
			productType = "com.apple.product-type.application";
		};
/* End PBXNativeTarget section */

/* Begin PBXProject section */
		298EAF5523BDF1FD00D6D360 /* Project object */ = {
			isa = PBXProject;
			attributes = {
				LastSwiftUpdateCheck = 1130;
				LastUpgradeCheck = 1130;
				ORGANIZATIONNAME = "Marius Völkel";
				TargetAttributes = {
					298EAF5C23BDF1FD00D6D360 = {
						CreatedOnToolsVersion = 11.3;
					};
				};
			};
			buildConfigurationList = 298EAF5823BDF1FD00D6D360 /* Build configuration list for PBXProject "volume" */;
			compatibilityVersion = "Xcode 9.3";
			developmentRegion = en;
			hasScannedForEncodings = 0;
			knownRegions = (
				en,
				Base,
			);
			mainGroup = 298EAF5423BDF1FD00D6D360;
			productRefGroup = 298EAF5E23BDF1FD00D6D360 /* Products */;
			projectDirPath = "";
			projectRoot = "";
			targets = (
				298EAF5C23BDF1FD00D6D360 /* volume */,
			);
		};
/* End PBXProject section */

/* Begin PBXResourcesBuildPhase section */
		298EAF5B23BDF1FD00D6D360 /* Resources */ = {
			isa = PBXResourcesBuildPhase;
			buildActionMask = 2147483647;
			files = (
				2977A90023D5985C00E8D81E /* right-297788_1280.png in Resources */,
				298EAF6D23BDF20200D6D360 /* LaunchScreen.storyboard in Resources */,
				298EAF6A23BDF20200D6D360 /* Assets.xcassets in Resources */,
				2977A8FD23D5965200E8D81E /* speakers-1521314_1280.png in Resources */,
				298EAF6823BDF1FD00D6D360 /* Main.storyboard in Resources */,
			);
			runOnlyForDeploymentPostprocessing = 0;
		};
/* End PBXResourcesBuildPhase section */

/* Begin PBXSourcesBuildPhase section */
		298EAF5923BDF1FD00D6D360 /* Sources */ = {
			isa = PBXSourcesBuildPhase;
			buildActionMask = 2147483647;
			files = (
				298EAF6523BDF1FD00D6D360 /* ViewController.swift in Sources */,
				298EAF6123BDF1FD00D6D360 /* AppDelegate.swift in Sources */,
				298EAF6323BDF1FD00D6D360 /* SceneDelegate.swift in Sources */,
			);
			runOnlyForDeploymentPostprocessing = 0;
		};
/* End PBXSourcesBuildPhase section */

/* Begin PBXVariantGroup section */
		298EAF6623BDF1FD00D6D360 /* Main.storyboard */ = {
			isa = PBXVariantGroup;
			children = (
				298EAF6723BDF1FD00D6D360 /* Base */,
			);
			name = Main.storyboard;
			sourceTree = "<group>";
		};
		298EAF6B23BDF20200D6D360 /* LaunchScreen.storyboard */ = {
			isa = PBXVariantGroup;
			children = (
				298EAF6C23BDF20200D6D360 /* Base */,
			);
			name = LaunchScreen.storyboard;
			sourceTree = "<group>";
		};
/* End PBXVariantGroup section */

/* Begin XCBuildConfiguration section */
		298EAF6F23BDF20200D6D360 /* Debug */ = {
			isa = XCBuildConfiguration;
			buildSettings = {
				ALWAYS_SEARCH_USER_PATHS = NO;
				CLANG_ANALYZER_NONNULL = YES;
				CLANG_ANALYZER_NUMBER_OBJECT_CONVERSION = YES_AGGRESSIVE;
				CLANG_CXX_LANGUAGE_STANDARD = "gnu++14";
				CLANG_CXX_LIBRARY = "libc++";
				CLANG_ENABLE_MODULES = YES;
				CLANG_ENABLE_OBJC_ARC = YES;
				CLANG_ENABLE_OBJC_WEAK = YES;
				CLANG_WARN_BLOCK_CAPTURE_AUTORELEASING = YES;
				CLANG_WARN_BOOL_CONVERSION = YES;
				CLANG_WARN_COMMA = YES;
				CLANG_WARN_CONSTANT_CONVERSION = YES;
				CLANG_WARN_DEPRECATED_OBJC_IMPLEMENTATIONS = YES;
				CLANG_WARN_DIRECT_OBJC_ISA_USAGE = YES_ERROR;
				CLANG_WARN_DOCUMENTATION_COMMENTS = YES;
				CLANG_WARN_EMPTY_BODY = YES;
				CLANG_WARN_ENUM_CONVERSION = YES;
				CLANG_WARN_INFINITE_RECURSION = YES;
				CLANG_WARN_INT_CONVERSION = YES;
				CLANG_WARN_NON_LITERAL_NULL_CONVERSION = YES;
				CLANG_WARN_OBJC_IMPLICIT_RETAIN_SELF = YES;
				CLANG_WARN_OBJC_LITERAL_CONVERSION = YES;
				CLANG_WARN_OBJC_ROOT_CLASS = YES_ERROR;
				CLANG_WARN_RANGE_LOOP_ANALYSIS = YES;
				CLANG_WARN_STRICT_PROTOTYPES = YES;
				CLANG_WARN_SUSPICIOUS_MOVE = YES;
				CLANG_WARN_UNGUARDED_AVAILABILITY = YES_AGGRESSIVE;
				CLANG_WARN_UNREACHABLE_CODE = YES;
				CLANG_WARN__DUPLICATE_METHOD_MATCH = YES;
				COPY_PHASE_STRIP = NO;
				DEBUG_INFORMATION_FORMAT = dwarf;
				ENABLE_STRICT_OBJC_MSGSEND = YES;
				ENABLE_TESTABILITY = YES;
				GCC_C_LANGUAGE_STANDARD = gnu11;
				GCC_DYNAMIC_NO_PIC = NO;
				GCC_NO_COMMON_BLOCKS = YES;
				GCC_OPTIMIZATION_LEVEL = 0;
				GCC_PREPROCESSOR_DEFINITIONS = (
					"DEBUG=1",
					"$(inherited)",
				);
				GCC_WARN_64_TO_32_BIT_CONVERSION = YES;
				GCC_WARN_ABOUT_RETURN_TYPE = YES_ERROR;
				GCC_WARN_UNDECLARED_SELECTOR = YES;
				GCC_WARN_UNINITIALIZED_AUTOS = YES_AGGRESSIVE;
				GCC_WARN_UNUSED_FUNCTION = YES;
				GCC_WARN_UNUSED_VARIABLE = YES;
				IPHONEOS_DEPLOYMENT_TARGET = 13.2;
				MTL_ENABLE_DEBUG_INFO = INCLUDE_SOURCE;
				MTL_FAST_MATH = YES;
				ONLY_ACTIVE_ARCH = YES;
				SDKROOT = iphoneos;
				SWIFT_ACTIVE_COMPILATION_CONDITIONS = DEBUG;
				SWIFT_OPTIMIZATION_LEVEL = "-Onone";
			};
			name = Debug;
		};
		298EAF7023BDF20200D6D360 /* Release */ = {
			isa = XCBuildConfiguration;
			buildSettings = {
				ALWAYS_SEARCH_USER_PATHS = NO;
				CLANG_ANALYZER_NONNULL = YES;
				CLANG_ANALYZER_NUMBER_OBJECT_CONVERSION = YES_AGGRESSIVE;
				CLANG_CXX_LANGUAGE_STANDARD = "gnu++14";
				CLANG_CXX_LIBRARY = "libc++";
				CLANG_ENABLE_MODULES = YES;
				CLANG_ENABLE_OBJC_ARC = YES;
				CLANG_ENABLE_OBJC_WEAK = YES;
				CLANG_WARN_BLOCK_CAPTURE_AUTORELEASING = YES;
				CLANG_WARN_BOOL_CONVERSION = YES;
				CLANG_WARN_COMMA = YES;
				CLANG_WARN_CONSTANT_CONVERSION = YES;
				CLANG_WARN_DEPRECATED_OBJC_IMPLEMENTATIONS = YES;
				CLANG_WARN_DIRECT_OBJC_ISA_USAGE = YES_ERROR;
				CLANG_WARN_DOCUMENTATION_COMMENTS = YES;
				CLANG_WARN_EMPTY_BODY = YES;
				CLANG_WARN_ENUM_CONVERSION = YES;
				CLANG_WARN_INFINITE_RECURSION = YES;
				CLANG_WARN_INT_CONVERSION = YES;
				CLANG_WARN_NON_LITERAL_NULL_CONVERSION = YES;
				CLANG_WARN_OBJC_IMPLICIT_RETAIN_SELF = YES;
				CLANG_WARN_OBJC_LITERAL_CONVERSION = YES;
				CLANG_WARN_OBJC_ROOT_CLASS = YES_ERROR;
				CLANG_WARN_RANGE_LOOP_ANALYSIS = YES;
				CLANG_WARN_STRICT_PROTOTYPES = YES;
				CLANG_WARN_SUSPICIOUS_MOVE = YES;
				CLANG_WARN_UNGUARDED_AVAILABILITY = YES_AGGRESSIVE;
				CLANG_WARN_UNREACHABLE_CODE = YES;
				CLANG_WARN__DUPLICATE_METHOD_MATCH = YES;
				COPY_PHASE_STRIP = NO;
				DEBUG_INFORMATION_FORMAT = "dwarf-with-dsym";
				ENABLE_NS_ASSERTIONS = NO;
				ENABLE_STRICT_OBJC_MSGSEND = YES;
				GCC_C_LANGUAGE_STANDARD = gnu11;
				GCC_NO_COMMON_BLOCKS = YES;
				GCC_WARN_64_TO_32_BIT_CONVERSION = YES;
				GCC_WARN_ABOUT_RETURN_TYPE = YES_ERROR;
				GCC_WARN_UNDECLARED_SELECTOR = YES;
				GCC_WARN_UNINITIALIZED_AUTOS = YES_AGGRESSIVE;
				GCC_WARN_UNUSED_FUNCTION = YES;
				GCC_WARN_UNUSED_VARIABLE = YES;
				IPHONEOS_DEPLOYMENT_TARGET = 13.2;
				MTL_ENABLE_DEBUG_INFO = NO;
				MTL_FAST_MATH = YES;
				SDKROOT = iphoneos;
				SWIFT_COMPILATION_MODE = wholemodule;
				SWIFT_OPTIMIZATION_LEVEL = "-O";
				VALIDATE_PRODUCT = YES;
			};
			name = Release;
		};
		298EAF7223BDF20200D6D360 /* Debug */ = {
			isa = XCBuildConfiguration;
			buildSettings = {
				ASSETCATALOG_COMPILER_APPICON_NAME = AppIcon;
				CODE_SIGN_STYLE = Automatic;
				DEVELOPMENT_TEAM = DSWKFJV6T9;
				INFOPLIST_FILE = volume/Info.plist;
				LD_RUNPATH_SEARCH_PATHS = (
					"$(inherited)",
					"@executable_path/Frameworks",
				);
				PRODUCT_BUNDLE_IDENTIFIER = none.volume;
				PRODUCT_NAME = "$(TARGET_NAME)";
				SWIFT_VERSION = 5.0;
				TARGETED_DEVICE_FAMILY = "1,2";
			};
			name = Debug;
		};
		298EAF7323BDF20200D6D360 /* Release */ = {
			isa = XCBuildConfiguration;
			buildSettings = {
				ASSETCATALOG_COMPILER_APPICON_NAME = AppIcon;
				CODE_SIGN_STYLE = Automatic;
				DEVELOPMENT_TEAM = DSWKFJV6T9;
				INFOPLIST_FILE = volume/Info.plist;
				LD_RUNPATH_SEARCH_PATHS = (
					"$(inherited)",
					"@executable_path/Frameworks",
				);
				PRODUCT_BUNDLE_IDENTIFIER = none.volume;
				PRODUCT_NAME = "$(TARGET_NAME)";
				SWIFT_VERSION = 5.0;
				TARGETED_DEVICE_FAMILY = "1,2";
			};
			name = Release;
		};
/* End XCBuildConfiguration section */

/* Begin XCConfigurationList section */
		298EAF5823BDF1FD00D6D360 /* Build configuration list for PBXProject "volume" */ = {
			isa = XCConfigurationList;
			buildConfigurations = (
				298EAF6F23BDF20200D6D360 /* Debug */,
				298EAF7023BDF20200D6D360 /* Release */,
			);
			defaultConfigurationIsVisible = 0;
			defaultConfigurationName = Release;
		};
		298EAF7123BDF20200D6D360 /* Build configuration list for PBXNativeTarget "volume" */ = {
			isa = XCConfigurationList;
			buildConfigurations = (
				298EAF7223BDF20200D6D360 /* Debug */,
				298EAF7323BDF20200D6D360 /* Release */,
			);
			defaultConfigurationIsVisible = 0;
			defaultConfigurationName = Release;
		};
/* End XCConfigurationList section */
	};
	rootObject = 298EAF5523BDF1FD00D6D360 /* Project object */;
}
